{
  "lockfileVersion": 1,
  "configVersion": 1,
  "workspaces": {
    "": {
      "name": "engine",
      "dependencies": {
        "@babylonjs/core": "^8.0.0",
      },
    },
  },
  "packages": {
    "@babylonjs/core": ["@babylonjs/core@8.39.0", "", {}, "sha512-ohOpd3Cb+q59bgFdMaumxSgFSb9h4FeiY8vNFIkHwOCWGxvh8zbDnQEU5UJ5w7LgjIhbsm2IxVB2oKZ9/4Pb5w=="],
  }
}
