{
  "lockfileVersion": 1,
  "configVersion": 1,
  "workspaces": {
    "": {
      "name": "paint",
      "dependencies": {
        "@christianliebel/paint": "^1.3.0",
      },
    },
  },
  "packages": {
    "@christianliebel/paint": ["@christianliebel/paint@1.3.0", "", {}, "sha512-HGlvdyZigKtkSJk22RBmjaEzLMvLmh2ePcf7RH1PMo8bB4i4IbJx9ouUboTJHwqWY0xWlULD0ftXEtXJDu7q9g=="],
  }
}
